{
  "name": "lenvora-admin",
  "version": "0.1.0",
  "lockfileVersion": 3,
  "requires": true,
  "packages": {
    "": {
      "name": "lenvora-admin",
      "version": "0.1.0",
      "private": true,
      "dependencies": {
        "@vitejs/plugin-react": "latest",
        "vite": "latest",
        "typescript": "latest",
        "react": "latest",
        "react-dom": "latest",
        "react-router-dom": "latest"
      },
      "devDependencies": {}
    }
  }
}